
Microsoft Visual Studio Solution File, Format Version 12.00
# Visual Studio 14
VisualStudioVersion = 14.0.25123.0
MinimumVisualStudioVersion = 10.0.40219.1
Project("{FAE04EC0-301F-11D3-BF4B-00C04F79EFBC}") = "PPC 2010", "PPC 2010\PPC 2010.csproj", "{3056FCFA-194B-4C00-AA4F-8D44E5A6C2C1}"
EndProject
Project("{FAE04EC0-301F-11D3-BF4B-00C04F79EFBC}") = "ArticleExport", "ArticleExport\ArticleExport.csproj", "{F36ECD69-B234-48D8-A884-6B605E29CDD8}"
EndProject
Global
	GlobalSection(SolutionConfigurationPlatforms) = preSolution
		Debug|Any CPU = Debug|Any CPU
		Release|Any CPU = Release|Any CPU
	EndGlobalSection
	GlobalSection(ProjectConfigurationPlatforms) = postSolution
		{3056FCFA-194B-4C00-AA4F-8D44E5A6C2C1}.Debug|Any CPU.ActiveCfg = Debug|Any CPU
		{3056FCFA-194B-4C00-AA4F-8D44E5A6C2C1}.Debug|Any CPU.Build.0 = Debug|Any CPU
		{3056FCFA-194B-4C00-AA4F-8D44E5A6C2C1}.Release|Any CPU.ActiveCfg = Release|Any CPU
		{3056FCFA-194B-4C00-AA4F-8D44E5A6C2C1}.Release|Any CPU.Build.0 = Release|Any CPU
		{F36ECD69-B234-48D8-A884-6B605E29CDD8}.Debug|Any CPU.ActiveCfg = Debug|Any CPU
		{F36ECD69-B234-48D8-A884-6B605E29CDD8}.Debug|Any CPU.Build.0 = Debug|Any CPU
		{F36ECD69-B234-48D8-A884-6B605E29CDD8}.Release|Any CPU.ActiveCfg = Release|Any CPU
		{F36ECD69-B234-48D8-A884-6B605E29CDD8}.Release|Any CPU.Build.0 = Release|Any CPU
	EndGlobalSection
	GlobalSection(SolutionProperties) = preSolution
		HideSolutionNode = FALSE
	EndGlobalSection
EndGlobal
